
Microsoft Visual Studio Solution File, Format Version 12.00
# Visual Studio 15
VisualStudioVersion = 15.0.28010.2046
MinimumVisualStudioVersion = 10.0.40219.1
Project("{FAE04EC0-301F-11D3-BF4B-00C04F79EFBC}") = "Patterns_Behavioral_CommandPattern_01", "Patterns_Behavioral_CommandPattern_01\Patterns_Behavioral_CommandPattern_01.csproj", "{0D81462C-B994-48B4-B40A-5CF023FE7402}"
EndProject
Global
	GlobalSection(SolutionConfigurationPlatforms) = preSolution
		Debug|Any CPU = Debug|Any CPU
		Release|Any CPU = Release|Any CPU
	EndGlobalSection
	GlobalSection(ProjectConfigurationPlatforms) = postSolution
		{0D81462C-B994-48B4-B40A-5CF023FE7402}.Debug|Any CPU.ActiveCfg = Debug|Any CPU
		{0D81462C-B994-48B4-B40A-5CF023FE7402}.Debug|Any CPU.Build.0 = Debug|Any CPU
		{0D81462C-B994-48B4-B40A-5CF023FE7402}.Release|Any CPU.ActiveCfg = Release|Any CPU
		{0D81462C-B994-48B4-B40A-5CF023FE7402}.Release|Any CPU.Build.0 = Release|Any CPU
	EndGlobalSection
	GlobalSection(SolutionProperties) = preSolution
		HideSolutionNode = FALSE
	EndGlobalSection
	GlobalSection(ExtensibilityGlobals) = postSolution
		SolutionGuid = {8D87F54B-F764-47A8-A024-EBB6B6A55B98}
	EndGlobalSection
EndGlobal
